
Microsoft Visual Studio Solution File, Format Version 12.00
# Visual Studio 2013
VisualStudioVersion = 12.0.30110.0
MinimumVisualStudioVersion = 10.0.40219.1
Project("{FAE04EC0-301F-11D3-BF4B-00C04F79EFBC}") = "CRFM.Web", "CRFM.Web\CRFM.Web.csproj", "{80462587-265B-4593-9B16-F6E5D5F0ABCF}"
	ProjectSection(ProjectDependencies) = postProject
		{F0BD8174-4E64-46E4-BDBE-770D32063EE8} = {F0BD8174-4E64-46E4-BDBE-770D32063EE8}
		{D714E9C8-5B6C-4B8D-B607-CC1FE7C873CA} = {D714E9C8-5B6C-4B8D-B607-CC1FE7C873CA}
	EndProjectSection
EndProject
Project("{FAE04EC0-301F-11D3-BF4B-00C04F79EFBC}") = "CRFM.UnitTests", "CRFM.UnitTests\CRFM.UnitTests.csproj", "{163E21A3-662E-4DED-BB50-F5B35333F802}"
	ProjectSection(ProjectDependencies) = postProject
		{F0BD8174-4E64-46E4-BDBE-770D32063EE8} = {F0BD8174-4E64-46E4-BDBE-770D32063EE8}
		{996A559A-3778-4765-92A7-5D554928652B} = {996A559A-3778-4765-92A7-5D554928652B}
		{D714E9C8-5B6C-4B8D-B607-CC1FE7C873CA} = {D714E9C8-5B6C-4B8D-B607-CC1FE7C873CA}
		{9AD3E1D3-4E6E-4F5F-86C8-36D73926E9E4} = {9AD3E1D3-4E6E-4F5F-86C8-36D73926E9E4}
	EndProjectSection
EndProject
Project("{FAE04EC0-301F-11D3-BF4B-00C04F79EFBC}") = "CRFM.Services", "CRFM.Services\CRFM.Services.csproj", "{F0BD8174-4E64-46E4-BDBE-770D32063EE8}"
	ProjectSection(ProjectDependencies) = postProject
		{D714E9C8-5B6C-4B8D-B607-CC1FE7C873CA} = {D714E9C8-5B6C-4B8D-B607-CC1FE7C873CA}
	EndProjectSection
EndProject
Project("{FAE04EC0-301F-11D3-BF4B-00C04F79EFBC}") = "CRFM.Utilities", "CRFM.Utilities\CRFM.Utilities.csproj", "{D714E9C8-5B6C-4B8D-B607-CC1FE7C873CA}"
EndProject
Project("{FAE04EC0-301F-11D3-BF4B-00C04F79EFBC}") = "CRFM.Repositories", "CRFM.Repositories\CRFM.Repositories.csproj", "{996A559A-3778-4765-92A7-5D554928652B}"
EndProject
Project("{FAE04EC0-301F-11D3-BF4B-00C04F79EFBC}") = "CRFM.Domain", "CRFM.Domain\CRFM.Domain.csproj", "{9AD3E1D3-4E6E-4F5F-86C8-36D73926E9E4}"
	ProjectSection(ProjectDependencies) = postProject
		{D714E9C8-5B6C-4B8D-B607-CC1FE7C873CA} = {D714E9C8-5B6C-4B8D-B607-CC1FE7C873CA}
	EndProjectSection
EndProject
Project("{2150E333-8FDC-42A3-9474-1A3956D46DE8}") = "Solution Items", "Solution Items", "{E5A34E31-6D5A-4712-92D4-0C50AEAC188A}"
	ProjectSection(SolutionItems) = preProject
		Performance1.psess = Performance1.psess
	EndProjectSection
EndProject
Global
	GlobalSection(SolutionConfigurationPlatforms) = preSolution
		Debug|Any CPU = Debug|Any CPU
		Release|Any CPU = Release|Any CPU
	EndGlobalSection
	GlobalSection(ProjectConfigurationPlatforms) = postSolution
		{80462587-265B-4593-9B16-F6E5D5F0ABCF}.Debug|Any CPU.ActiveCfg = Debug|Any CPU
		{80462587-265B-4593-9B16-F6E5D5F0ABCF}.Debug|Any CPU.Build.0 = Debug|Any CPU
		{80462587-265B-4593-9B16-F6E5D5F0ABCF}.Release|Any CPU.ActiveCfg = Release|Any CPU
		{80462587-265B-4593-9B16-F6E5D5F0ABCF}.Release|Any CPU.Build.0 = Release|Any CPU
		{163E21A3-662E-4DED-BB50-F5B35333F802}.Debug|Any CPU.ActiveCfg = Debug|Any CPU
		{163E21A3-662E-4DED-BB50-F5B35333F802}.Debug|Any CPU.Build.0 = Debug|Any CPU
		{163E21A3-662E-4DED-BB50-F5B35333F802}.Release|Any CPU.ActiveCfg = Release|Any CPU
		{163E21A3-662E-4DED-BB50-F5B35333F802}.Release|Any CPU.Build.0 = Release|Any CPU
		{F0BD8174-4E64-46E4-BDBE-770D32063EE8}.Debug|Any CPU.ActiveCfg = Debug|Any CPU
		{F0BD8174-4E64-46E4-BDBE-770D32063EE8}.Debug|Any CPU.Build.0 = Debug|Any CPU
		{F0BD8174-4E64-46E4-BDBE-770D32063EE8}.Release|Any CPU.ActiveCfg = Release|Any CPU
		{F0BD8174-4E64-46E4-BDBE-770D32063EE8}.Release|Any CPU.Build.0 = Release|Any CPU
		{D714E9C8-5B6C-4B8D-B607-CC1FE7C873CA}.Debug|Any CPU.ActiveCfg = Debug|Any CPU
		{D714E9C8-5B6C-4B8D-B607-CC1FE7C873CA}.Debug|Any CPU.Build.0 = Debug|Any CPU
		{D714E9C8-5B6C-4B8D-B607-CC1FE7C873CA}.Release|Any CPU.ActiveCfg = Release|Any CPU
		{D714E9C8-5B6C-4B8D-B607-CC1FE7C873CA}.Release|Any CPU.Build.0 = Release|Any CPU
		{996A559A-3778-4765-92A7-5D554928652B}.Debug|Any CPU.ActiveCfg = Debug|Any CPU
		{996A559A-3778-4765-92A7-5D554928652B}.Debug|Any CPU.Build.0 = Debug|Any CPU
		{996A559A-3778-4765-92A7-5D554928652B}.Release|Any CPU.ActiveCfg = Release|Any CPU
		{996A559A-3778-4765-92A7-5D554928652B}.Release|Any CPU.Build.0 = Release|Any CPU
		{9AD3E1D3-4E6E-4F5F-86C8-36D73926E9E4}.Debug|Any CPU.ActiveCfg = Debug|Any CPU
		{9AD3E1D3-4E6E-4F5F-86C8-36D73926E9E4}.Debug|Any CPU.Build.0 = Debug|Any CPU
		{9AD3E1D3-4E6E-4F5F-86C8-36D73926E9E4}.Release|Any CPU.ActiveCfg = Release|Any CPU
		{9AD3E1D3-4E6E-4F5F-86C8-36D73926E9E4}.Release|Any CPU.Build.0 = Release|Any CPU
	EndGlobalSection
	GlobalSection(SolutionProperties) = preSolution
		HideSolutionNode = FALSE
	EndGlobalSection
EndGlobal
